// !$*UTF8*$!
{
	archiveVersion = 1;
	classes = {
	};
	objectVersion = 56;
	objects = {

/* Begin PBXBuildFile section */
		0B61DE4929CF061800116408 /* LearnTCAApp.swift in Sources */ = {isa = PBXBuildFile; fileRef = 0B61DE4829CF061800116408 /* LearnTCAApp.swift */; };
		0B61DE4D29CF061800116408 /* Assets.xcassets in Resources */ = {isa = PBXBuildFile; fileRef = 0B61DE4C29CF061800116408 /* Assets.xcassets */; };
		0B61DE5929CF083600116408 /* ComposableArchitecture in Frameworks */ = {isa = PBXBuildFile; productRef = 0B61DE5829CF083600116408 /* ComposableArchitecture */; };
		0B61DE5B29CF0D3D00116408 /* AddToCartFeature.swift in Sources */ = {isa = PBXBuildFile; fileRef = 0B61DE5A29CF0D3D00116408 /* AddToCartFeature.swift */; };
		0B61DE5D29CF0E0200116408 /* PlusMinusButton.swift in Sources */ = {isa = PBXBuildFile; fileRef = 0B61DE5C29CF0E0200116408 /* PlusMinusButton.swift */; };
		0B61DE5F29CF0F8300116408 /* AddToCartButton.swift in Sources */ = {isa = PBXBuildFile; fileRef = 0B61DE5E29CF0F8300116408 /* AddToCartButton.swift */; };
		0B61DE6329CF126200116408 /* Product.swift in Sources */ = {isa = PBXBuildFile; fileRef = 0B61DE6229CF126200116408 /* Product.swift */; };
		0B61DE6529CF140900116408 /* ProductFeature.swift in Sources */ = {isa = PBXBuildFile; fileRef = 0B61DE6429CF140900116408 /* ProductFeature.swift */; };
		0B61DE6729CF162100116408 /* ProductCell.swift in Sources */ = {isa = PBXBuildFile; fileRef = 0B61DE6629CF162100116408 /* ProductCell.swift */; };
		0B94FDBC29D4D1BB008053F5 /* CartListView.swift in Sources */ = {isa = PBXBuildFile; fileRef = 0B94FDBB29D4D1BB008053F5 /* CartListView.swift */; };
		0BD3C67529CF6E3300C7B2FB /* ProductListFeature.swift in Sources */ = {isa = PBXBuildFile; fileRef = 0BD3C67429CF6E3300C7B2FB /* ProductListFeature.swift */; };
		0BD3C67729CF7BD700C7B2FB /* ProductListView.swift in Sources */ = {isa = PBXBuildFile; fileRef = 0BD3C67629CF7BD700C7B2FB /* ProductListView.swift */; };
		0BD3C67A29D0AC8700C7B2FB /* CartItem.swift in Sources */ = {isa = PBXBuildFile; fileRef = 0BD3C67929D0AC8700C7B2FB /* CartItem.swift */; };
		0BD3C67C29D0ACEC00C7B2FB /* CartItemFeature.swift in Sources */ = {isa = PBXBuildFile; fileRef = 0BD3C67B29D0ACEC00C7B2FB /* CartItemFeature.swift */; };
		0BD3C67F29D0AD8100C7B2FB /* CartListFeature.swift in Sources */ = {isa = PBXBuildFile; fileRef = 0BD3C67E29D0AD8100C7B2FB /* CartListFeature.swift */; };
		0BD3C68129D0AFD800C7B2FB /* CartCell.swift in Sources */ = {isa = PBXBuildFile; fileRef = 0BD3C68029D0AFD800C7B2FB /* CartCell.swift */; };
/* End PBXBuildFile section */

/* Begin PBXFileReference section */
		0B61DE4529CF061800116408 /* LearnTCA.app */ = {isa = PBXFileReference; explicitFileType = wrapper.application; includeInIndex = 0; path = LearnTCA.app; sourceTree = BUILT_PRODUCTS_DIR; };
		0B61DE4829CF061800116408 /* LearnTCAApp.swift */ = {isa = PBXFileReference; lastKnownFileType = sourcecode.swift; path = LearnTCAApp.swift; sourceTree = "<group>"; };
		0B61DE4C29CF061800116408 /* Assets.xcassets */ = {isa = PBXFileReference; lastKnownFileType = folder.assetcatalog; path = Assets.xcassets; sourceTree = "<group>"; };
		0B61DE5A29CF0D3D00116408 /* AddToCartFeature.swift */ = {isa = PBXFileReference; lastKnownFileType = sourcecode.swift; path = AddToCartFeature.swift; sourceTree = "<group>"; };
		0B61DE5C29CF0E0200116408 /* PlusMinusButton.swift */ = {isa = PBXFileReference; lastKnownFileType = sourcecode.swift; path = PlusMinusButton.swift; sourceTree = "<group>"; };
		0B61DE5E29CF0F8300116408 /* AddToCartButton.swift */ = {isa = PBXFileReference; lastKnownFileType = sourcecode.swift; path = AddToCartButton.swift; sourceTree = "<group>"; };
		0B61DE6229CF126200116408 /* Product.swift */ = {isa = PBXFileReference; lastKnownFileType = sourcecode.swift; path = Product.swift; sourceTree = "<group>"; };
		0B61DE6429CF140900116408 /* ProductFeature.swift */ = {isa = PBXFileReference; lastKnownFileType = sourcecode.swift; path = ProductFeature.swift; sourceTree = "<group>"; };
		0B61DE6629CF162100116408 /* ProductCell.swift */ = {isa = PBXFileReference; lastKnownFileType = sourcecode.swift; path = ProductCell.swift; sourceTree = "<group>"; };
		0B94FDBB29D4D1BB008053F5 /* CartListView.swift */ = {isa = PBXFileReference; lastKnownFileType = sourcecode.swift; path = CartListView.swift; sourceTree = "<group>"; };
		0BD3C67429CF6E3300C7B2FB /* ProductListFeature.swift */ = {isa = PBXFileReference; lastKnownFileType = sourcecode.swift; path = ProductListFeature.swift; sourceTree = "<group>"; };
		0BD3C67629CF7BD700C7B2FB /* ProductListView.swift */ = {isa = PBXFileReference; lastKnownFileType = sourcecode.swift; path = ProductListView.swift; sourceTree = "<group>"; };
		0BD3C67929D0AC8700C7B2FB /* CartItem.swift */ = {isa = PBXFileReference; lastKnownFileType = sourcecode.swift; path = CartItem.swift; sourceTree = "<group>"; };
		0BD3C67B29D0ACEC00C7B2FB /* CartItemFeature.swift */ = {isa = PBXFileReference; lastKnownFileType = sourcecode.swift; path = CartItemFeature.swift; sourceTree = "<group>"; };
		0BD3C67E29D0AD8100C7B2FB /* CartListFeature.swift */ = {isa = PBXFileReference; lastKnownFileType = sourcecode.swift; path = CartListFeature.swift; sourceTree = "<group>"; };
		0BD3C68029D0AFD800C7B2FB /* CartCell.swift */ = {isa = PBXFileReference; lastKnownFileType = sourcecode.swift; path = CartCell.swift; sourceTree = "<group>"; };
/* End PBXFileReference section */

/* Begin PBXFrameworksBuildPhase section */
		0B61DE4229CF061800116408 /* Frameworks */ = {
			isa = PBXFrameworksBuildPhase;
			buildActionMask = 2147483647;
			files = (
				0B61DE5929CF083600116408 /* ComposableArchitecture in Frameworks */,
			);
			runOnlyForDeploymentPostprocessing = 0;
		};
/* End PBXFrameworksBuildPhase section */

/* Begin PBXGroup section */
		0B61DE3C29CF061800116408 = {
			isa = PBXGroup;
			children = (
				0B61DE4729CF061800116408 /* LearnTCA */,
				0B61DE4629CF061800116408 /* Products */,
			);
			sourceTree = "<group>";
		};
		0B61DE4629CF061800116408 /* Products */ = {
			isa = PBXGroup;
			children = (
				0B61DE4529CF061800116408 /* LearnTCA.app */,
			);
			name = Products;
			sourceTree = "<group>";
		};
		0B61DE4729CF061800116408 /* LearnTCA */ = {
			isa = PBXGroup;
			children = (
				0BD3C67D29D0AD6F00C7B2FB /* CartList */,
				0BD3C67329CF6E1C00C7B2FB /* ProductList */,
				0B61DE6029CF124A00116408 /* AddToCart */,
				0B61DE4829CF061800116408 /* LearnTCAApp.swift */,
				0B61DE4C29CF061800116408 /* Assets.xcassets */,
			);
			path = LearnTCA;
			sourceTree = "<group>";
		};
		0B61DE6029CF124A00116408 /* AddToCart */ = {
			isa = PBXGroup;
			children = (
				0B61DE5A29CF0D3D00116408 /* AddToCartFeature.swift */,
				0B61DE5C29CF0E0200116408 /* PlusMinusButton.swift */,
				0B61DE5E29CF0F8300116408 /* AddToCartButton.swift */,
			);
			path = AddToCart;
			sourceTree = "<group>";
		};
		0B61DE6129CF125800116408 /* Product */ = {
			isa = PBXGroup;
			children = (
				0B61DE6229CF126200116408 /* Product.swift */,
				0B61DE6429CF140900116408 /* ProductFeature.swift */,
				0B61DE6629CF162100116408 /* ProductCell.swift */,
			);
			path = Product;
			sourceTree = "<group>";
		};
		0BD3C67329CF6E1C00C7B2FB /* ProductList */ = {
			isa = PBXGroup;
			children = (
				0B61DE6129CF125800116408 /* Product */,
				0BD3C67429CF6E3300C7B2FB /* ProductListFeature.swift */,
				0BD3C67629CF7BD700C7B2FB /* ProductListView.swift */,
			);
			path = ProductList;
			sourceTree = "<group>";
		};
		0BD3C67829D0AC7900C7B2FB /* CartItem */ = {
			isa = PBXGroup;
			children = (
				0BD3C67929D0AC8700C7B2FB /* CartItem.swift */,
				0BD3C67B29D0ACEC00C7B2FB /* CartItemFeature.swift */,
				0BD3C68029D0AFD800C7B2FB /* CartCell.swift */,
			);
			path = CartItem;
			sourceTree = "<group>";
		};
		0BD3C67D29D0AD6F00C7B2FB /* CartList */ = {
			isa = PBXGroup;
			children = (
				0BD3C67829D0AC7900C7B2FB /* CartItem */,
				0BD3C67E29D0AD8100C7B2FB /* CartListFeature.swift */,
				0B94FDBB29D4D1BB008053F5 /* CartListView.swift */,
			);
			path = CartList;
			sourceTree = "<group>";
		};
/* End PBXGroup section */

/* Begin PBXNativeTarget section */
		0B61DE4429CF061800116408 /* LearnTCA */ = {
			isa = PBXNativeTarget;
			buildConfigurationList = 0B61DE5429CF061800116408 /* Build configuration list for PBXNativeTarget "LearnTCA" */;
			buildPhases = (
				0B61DE4129CF061800116408 /* Sources */,
				0B61DE4229CF061800116408 /* Frameworks */,
				0B61DE4329CF061800116408 /* Resources */,
			);
			buildRules = (
			);
			dependencies = (
			);
			name = LearnTCA;
			packageProductDependencies = (
				0B61DE5829CF083600116408 /* ComposableArchitecture */,
			);
			productName = LearnTCA;
			productReference = 0B61DE4529CF061800116408 /* LearnTCA.app */;
			productType = "com.apple.product-type.application";
		};
/* End PBXNativeTarget section */

/* Begin PBXProject section */
		0B61DE3D29CF061800116408 /* Project object */ = {
			isa = PBXProject;
			attributes = {
				BuildIndependentTargetsInParallel = 1;
				LastSwiftUpdateCheck = 1410;
				LastUpgradeCheck = 1410;
				TargetAttributes = {
					0B61DE4429CF061800116408 = {
						CreatedOnToolsVersion = 14.1;
					};
				};
			};
			buildConfigurationList = 0B61DE4029CF061800116408 /* Build configuration list for PBXProject "LearnTCA" */;
			compatibilityVersion = "Xcode 14.0";
			developmentRegion = en;
			hasScannedForEncodings = 0;
			knownRegions = (
				en,
				Base,
			);
			mainGroup = 0B61DE3C29CF061800116408;
			packageReferences = (
				0B61DE5729CF083600116408 /* XCRemoteSwiftPackageReference "swift-composable-architecture" */,
			);
			productRefGroup = 0B61DE4629CF061800116408 /* Products */;
			projectDirPath = "";
			projectRoot = "";
			targets = (
				0B61DE4429CF061800116408 /* LearnTCA */,
			);
		};
/* End PBXProject section */

/* Begin PBXResourcesBuildPhase section */
		0B61DE4329CF061800116408 /* Resources */ = {
			isa = PBXResourcesBuildPhase;
			buildActionMask = 2147483647;
			files = (
				0B61DE4D29CF061800116408 /* Assets.xcassets in Resources */,
			);
			runOnlyForDeploymentPostprocessing = 0;
		};
/* End PBXResourcesBuildPhase section */

/* Begin PBXSourcesBuildPhase section */
		0B61DE4129CF061800116408 /* Sources */ = {
			isa = PBXSourcesBuildPhase;
			buildActionMask = 2147483647;
			files = (
				0B61DE5D29CF0E0200116408 /* PlusMinusButton.swift in Sources */,
				0BD3C67F29D0AD8100C7B2FB /* CartListFeature.swift in Sources */,
				0B61DE4929CF061800116408 /* LearnTCAApp.swift in Sources */,
				0B61DE6529CF140900116408 /* ProductFeature.swift in Sources */,
				0BD3C67729CF7BD700C7B2FB /* ProductListView.swift in Sources */,
				0B61DE5B29CF0D3D00116408 /* AddToCartFeature.swift in Sources */,
				0BD3C68129D0AFD800C7B2FB /* CartCell.swift in Sources */,
				0B61DE6729CF162100116408 /* ProductCell.swift in Sources */,
				0B61DE5F29CF0F8300116408 /* AddToCartButton.swift in Sources */,
				0B61DE6329CF126200116408 /* Product.swift in Sources */,
				0BD3C67A29D0AC8700C7B2FB /* CartItem.swift in Sources */,
				0BD3C67C29D0ACEC00C7B2FB /* CartItemFeature.swift in Sources */,
				0B94FDBC29D4D1BB008053F5 /* CartListView.swift in Sources */,
				0BD3C67529CF6E3300C7B2FB /* ProductListFeature.swift in Sources */,
			);
			runOnlyForDeploymentPostprocessing = 0;
		};
/* End PBXSourcesBuildPhase section */

/* Begin XCBuildConfiguration section */
		0B61DE5229CF061800116408 /* Debug */ = {
			isa = XCBuildConfiguration;
			buildSettings = {
				ALWAYS_SEARCH_USER_PATHS = NO;
				CLANG_ANALYZER_NONNULL = YES;
				CLANG_ANALYZER_NUMBER_OBJECT_CONVERSION = YES_AGGRESSIVE;
				CLANG_CXX_LANGUAGE_STANDARD = "gnu++20";
				CLANG_ENABLE_MODULES = YES;
				CLANG_ENABLE_OBJC_ARC = YES;
				CLANG_ENABLE_OBJC_WEAK = YES;
				CLANG_WARN_BLOCK_CAPTURE_AUTORELEASING = YES;
				CLANG_WARN_BOOL_CONVERSION = YES;
				CLANG_WARN_COMMA = YES;
				CLANG_WARN_CONSTANT_CONVERSION = YES;
				CLANG_WARN_DEPRECATED_OBJC_IMPLEMENTATIONS = YES;
				CLANG_WARN_DIRECT_OBJC_ISA_USAGE = YES_ERROR;
				CLANG_WARN_DOCUMENTATION_COMMENTS = YES;
				CLANG_WARN_EMPTY_BODY = YES;
				CLANG_WARN_ENUM_CONVERSION = YES;
				CLANG_WARN_INFINITE_RECURSION = YES;
				CLANG_WARN_INT_CONVERSION = YES;
				CLANG_WARN_NON_LITERAL_NULL_CONVERSION = YES;
				CLANG_WARN_OBJC_IMPLICIT_RETAIN_SELF = YES;
				CLANG_WARN_OBJC_LITERAL_CONVERSION = YES;
				CLANG_WARN_OBJC_ROOT_CLASS = YES_ERROR;
				CLANG_WARN_QUOTED_INCLUDE_IN_FRAMEWORK_HEADER = YES;
				CLANG_WARN_RANGE_LOOP_ANALYSIS = YES;
				CLANG_WARN_STRICT_PROTOTYPES = YES;
				CLANG_WARN_SUSPICIOUS_MOVE = YES;
				CLANG_WARN_UNGUARDED_AVAILABILITY = YES_AGGRESSIVE;
				CLANG_WARN_UNREACHABLE_CODE = YES;
				CLANG_WARN__DUPLICATE_METHOD_MATCH = YES;
				COPY_PHASE_STRIP = NO;
				DEBUG_INFORMATION_FORMAT = dwarf;
				ENABLE_STRICT_OBJC_MSGSEND = YES;
				ENABLE_TESTABILITY = YES;
				GCC_C_LANGUAGE_STANDARD = gnu11;
				GCC_DYNAMIC_NO_PIC = NO;
				GCC_NO_COMMON_BLOCKS = YES;
				GCC_OPTIMIZATION_LEVEL = 0;
				GCC_PREPROCESSOR_DEFINITIONS = (
					"DEBUG=1",
					"$(inherited)",
				);
				GCC_WARN_64_TO_32_BIT_CONVERSION = YES;
				GCC_WARN_ABOUT_RETURN_TYPE = YES_ERROR;
				GCC_WARN_UNDECLARED_SELECTOR = YES;
				GCC_WARN_UNINITIALIZED_AUTOS = YES_AGGRESSIVE;
				GCC_WARN_UNUSED_FUNCTION = YES;
				GCC_WARN_UNUSED_VARIABLE = YES;
				MTL_ENABLE_DEBUG_INFO = INCLUDE_SOURCE;
				MTL_FAST_MATH = YES;
				ONLY_ACTIVE_ARCH = YES;
				SWIFT_ACTIVE_COMPILATION_CONDITIONS = DEBUG;
				SWIFT_OPTIMIZATION_LEVEL = "-Onone";
			};
			name = Debug;
		};
		0B61DE5329CF061800116408 /* Release */ = {
			isa = XCBuildConfiguration;
			buildSettings = {
				ALWAYS_SEARCH_USER_PATHS = NO;
				CLANG_ANALYZER_NONNULL = YES;
				CLANG_ANALYZER_NUMBER_OBJECT_CONVERSION = YES_AGGRESSIVE;
				CLANG_CXX_LANGUAGE_STANDARD = "gnu++20";
				CLANG_ENABLE_MODULES = YES;
				CLANG_ENABLE_OBJC_ARC = YES;
				CLANG_ENABLE_OBJC_WEAK = YES;
				CLANG_WARN_BLOCK_CAPTURE_AUTORELEASING = YES;
				CLANG_WARN_BOOL_CONVERSION = YES;
				CLANG_WARN_COMMA = YES;
				CLANG_WARN_CONSTANT_CONVERSION = YES;
				CLANG_WARN_DEPRECATED_OBJC_IMPLEMENTATIONS = YES;
				CLANG_WARN_DIRECT_OBJC_ISA_USAGE = YES_ERROR;
				CLANG_WARN_DOCUMENTATION_COMMENTS = YES;
				CLANG_WARN_EMPTY_BODY = YES;
				CLANG_WARN_ENUM_CONVERSION = YES;
				CLANG_WARN_INFINITE_RECURSION = YES;
				CLANG_WARN_INT_CONVERSION = YES;
				CLANG_WARN_NON_LITERAL_NULL_CONVERSION = YES;
				CLANG_WARN_OBJC_IMPLICIT_RETAIN_SELF = YES;
				CLANG_WARN_OBJC_LITERAL_CONVERSION = YES;
				CLANG_WARN_OBJC_ROOT_CLASS = YES_ERROR;
				CLANG_WARN_QUOTED_INCLUDE_IN_FRAMEWORK_HEADER = YES;
				CLANG_WARN_RANGE_LOOP_ANALYSIS = YES;
				CLANG_WARN_STRICT_PROTOTYPES = YES;
				CLANG_WARN_SUSPICIOUS_MOVE = YES;
				CLANG_WARN_UNGUARDED_AVAILABILITY = YES_AGGRESSIVE;
				CLANG_WARN_UNREACHABLE_CODE = YES;
				CLANG_WARN__DUPLICATE_METHOD_MATCH = YES;
				COPY_PHASE_STRIP = NO;
				DEBUG_INFORMATION_FORMAT = "dwarf-with-dsym";
				ENABLE_NS_ASSERTIONS = NO;
				ENABLE_STRICT_OBJC_MSGSEND = YES;
				GCC_C_LANGUAGE_STANDARD = gnu11;
				GCC_NO_COMMON_BLOCKS = YES;
				GCC_WARN_64_TO_32_BIT_CONVERSION = YES;
				GCC_WARN_ABOUT_RETURN_TYPE = YES_ERROR;
				GCC_WARN_UNDECLARED_SELECTOR = YES;
				GCC_WARN_UNINITIALIZED_AUTOS = YES_AGGRESSIVE;
				GCC_WARN_UNUSED_FUNCTION = YES;
				GCC_WARN_UNUSED_VARIABLE = YES;
				MTL_ENABLE_DEBUG_INFO = NO;
				MTL_FAST_MATH = YES;
				SWIFT_COMPILATION_MODE = wholemodule;
				SWIFT_OPTIMIZATION_LEVEL = "-O";
			};
			name = Release;
		};
		0B61DE5529CF061800116408 /* Debug */ = {
			isa = XCBuildConfiguration;
			buildSettings = {
				ASSETCATALOG_COMPILER_APPICON_NAME = AppIcon;
				ASSETCATALOG_COMPILER_GLOBAL_ACCENT_COLOR_NAME = AccentColor;
				CODE_SIGN_ENTITLEMENTS = LearnTCA/LearnTCA.entitlements;
				CODE_SIGN_STYLE = Automatic;
				CURRENT_PROJECT_VERSION = 1;
				DEVELOPMENT_ASSET_PATHS = "\"LearnTCA/Preview Content\"";
				DEVELOPMENT_TEAM = Y5C6E4A2PU;
				ENABLE_HARDENED_RUNTIME = YES;
				ENABLE_PREVIEWS = YES;
				GENERATE_INFOPLIST_FILE = YES;
				"INFOPLIST_KEY_UIApplicationSceneManifest_Generation[sdk=iphoneos*]" = YES;
				"INFOPLIST_KEY_UIApplicationSceneManifest_Generation[sdk=iphonesimulator*]" = YES;
				"INFOPLIST_KEY_UIApplicationSupportsIndirectInputEvents[sdk=iphoneos*]" = YES;
				"INFOPLIST_KEY_UIApplicationSupportsIndirectInputEvents[sdk=iphonesimulator*]" = YES;
				"INFOPLIST_KEY_UILaunchScreen_Generation[sdk=iphoneos*]" = YES;
				"INFOPLIST_KEY_UILaunchScreen_Generation[sdk=iphonesimulator*]" = YES;
				"INFOPLIST_KEY_UIStatusBarStyle[sdk=iphoneos*]" = UIStatusBarStyleDefault;
				"INFOPLIST_KEY_UIStatusBarStyle[sdk=iphonesimulator*]" = UIStatusBarStyleDefault;
				INFOPLIST_KEY_UISupportedInterfaceOrientations_iPad = "UIInterfaceOrientationPortrait UIInterfaceOrientationPortraitUpsideDown UIInterfaceOrientationLandscapeLeft UIInterfaceOrientationLandscapeRight";
				INFOPLIST_KEY_UISupportedInterfaceOrientations_iPhone = "UIInterfaceOrientationPortrait UIInterfaceOrientationLandscapeLeft UIInterfaceOrientationLandscapeRight";
				IPHONEOS_DEPLOYMENT_TARGET = 16.1;
				LD_RUNPATH_SEARCH_PATHS = "@executable_path/Frameworks";
				"LD_RUNPATH_SEARCH_PATHS[sdk=macosx*]" = "@executable_path/../Frameworks";
				MACOSX_DEPLOYMENT_TARGET = 13.0;
				MARKETING_VERSION = 1.0;
				PRODUCT_BUNDLE_IDENTIFIER = aris.LearnTCA;
				PRODUCT_NAME = "$(TARGET_NAME)";
				SDKROOT = auto;
				SUPPORTED_PLATFORMS = "iphoneos iphonesimulator macosx";
				SWIFT_EMIT_LOC_STRINGS = YES;
				SWIFT_VERSION = 5.0;
				TARGETED_DEVICE_FAMILY = "1,2";
			};
			name = Debug;
		};
		0B61DE5629CF061800116408 /* Release */ = {
			isa = XCBuildConfiguration;
			buildSettings = {
				ASSETCATALOG_COMPILER_APPICON_NAME = AppIcon;
				ASSETCATALOG_COMPILER_GLOBAL_ACCENT_COLOR_NAME = AccentColor;
				CODE_SIGN_ENTITLEMENTS = LearnTCA/LearnTCA.entitlements;
				CODE_SIGN_STYLE = Automatic;
				CURRENT_PROJECT_VERSION = 1;
				DEVELOPMENT_ASSET_PATHS = "\"LearnTCA/Preview Content\"";
				DEVELOPMENT_TEAM = Y5C6E4A2PU;
				ENABLE_HARDENED_RUNTIME = YES;
				ENABLE_PREVIEWS = YES;
				GENERATE_INFOPLIST_FILE = YES;
				"INFOPLIST_KEY_UIApplicationSceneManifest_Generation[sdk=iphoneos*]" = YES;
				"INFOPLIST_KEY_UIApplicationSceneManifest_Generation[sdk=iphonesimulator*]" = YES;
				"INFOPLIST_KEY_UIApplicationSupportsIndirectInputEvents[sdk=iphoneos*]" = YES;
				"INFOPLIST_KEY_UIApplicationSupportsIndirectInputEvents[sdk=iphonesimulator*]" = YES;
				"INFOPLIST_KEY_UILaunchScreen_Generation[sdk=iphoneos*]" = YES;
				"INFOPLIST_KEY_UILaunchScreen_Generation[sdk=iphonesimulator*]" = YES;
				"INFOPLIST_KEY_UIStatusBarStyle[sdk=iphoneos*]" = UIStatusBarStyleDefault;
				"INFOPLIST_KEY_UIStatusBarStyle[sdk=iphonesimulator*]" = UIStatusBarStyleDefault;
				INFOPLIST_KEY_UISupportedInterfaceOrientations_iPad = "UIInterfaceOrientationPortrait UIInterfaceOrientationPortraitUpsideDown UIInterfaceOrientationLandscapeLeft UIInterfaceOrientationLandscapeRight";
				INFOPLIST_KEY_UISupportedInterfaceOrientations_iPhone = "UIInterfaceOrientationPortrait UIInterfaceOrientationLandscapeLeft UIInterfaceOrientationLandscapeRight";
				IPHONEOS_DEPLOYMENT_TARGET = 16.1;
				LD_RUNPATH_SEARCH_PATHS = "@executable_path/Frameworks";
				"LD_RUNPATH_SEARCH_PATHS[sdk=macosx*]" = "@executable_path/../Frameworks";
				MACOSX_DEPLOYMENT_TARGET = 13.0;
				MARKETING_VERSION = 1.0;
				PRODUCT_BUNDLE_IDENTIFIER = aris.LearnTCA;
				PRODUCT_NAME = "$(TARGET_NAME)";
				SDKROOT = auto;
				SUPPORTED_PLATFORMS = "iphoneos iphonesimulator macosx";
				SWIFT_EMIT_LOC_STRINGS = YES;
				SWIFT_VERSION = 5.0;
				TARGETED_DEVICE_FAMILY = "1,2";
			};
			name = Release;
		};
/* End XCBuildConfiguration section */

/* Begin XCConfigurationList section */
		0B61DE4029CF061800116408 /* Build configuration list for PBXProject "LearnTCA" */ = {
			isa = XCConfigurationList;
			buildConfigurations = (
				0B61DE5229CF061800116408 /* Debug */,
				0B61DE5329CF061800116408 /* Release */,
			);
			defaultConfigurationIsVisible = 0;
			defaultConfigurationName = Release;
		};
		0B61DE5429CF061800116408 /* Build configuration list for PBXNativeTarget "LearnTCA" */ = {
			isa = XCConfigurationList;
			buildConfigurations = (
				0B61DE5529CF061800116408 /* Debug */,
				0B61DE5629CF061800116408 /* Release */,
			);
			defaultConfigurationIsVisible = 0;
			defaultConfigurationName = Release;
		};
/* End XCConfigurationList section */

/* Begin XCRemoteSwiftPackageReference section */
		0B61DE5729CF083600116408 /* XCRemoteSwiftPackageReference "swift-composable-architecture" */ = {
			isa = XCRemoteSwiftPackageReference;
			repositoryURL = "https://github.com/pointfreeco/swift-composable-architecture";
			requirement = {
				kind = upToNextMajorVersion;
				minimumVersion = 0.9.0;
			};
		};
/* End XCRemoteSwiftPackageReference section */

/* Begin XCSwiftPackageProductDependency section */
		0B61DE5829CF083600116408 /* ComposableArchitecture */ = {
			isa = XCSwiftPackageProductDependency;
			package = 0B61DE5729CF083600116408 /* XCRemoteSwiftPackageReference "swift-composable-architecture" */;
			productName = ComposableArchitecture;
		};
/* End XCSwiftPackageProductDependency section */
	};
	rootObject = 0B61DE3D29CF061800116408 /* Project object */;
}
